{
  "name": "chrome-extension",
  "version": "0.0.0",
  "lockfileVersion": 3,
  "requires": true,
  "packages": {
    "": {
      "name": "chrome-extension",
      "version": "0.0.0",
      "dependencies": {
        "react": "^18.2.0",
        "react-dom": "^18.2.0"
      },
      "devDependencies": {
        "@crxjs/vite-plugin": "2.0.0-beta.17",
        "@types/react": "^18.0.37",
        "@types/react-dom": "^18.0.11",
        "@typescript-eslint/eslint-plugin": "^5.59.0",
        "@typescript-eslint/parser": "^5.59.0",
        "@vitejs/plugin-react": "^4.0.0",
        "autoprefixer": "^10.4.14",
        "eslint": "^8.38.0",
        "eslint-plugin-react-hooks": "^4.6.0",
        "eslint-plugin-react-refresh": "^0.3.4",
        "postcss": "^8.4.24",
        "tailwindcss": "^3.3.2",
        "typescript": "^5.0.2",
        "vite": "^4.3.9"
      }
    },
    "../../node_modules/.pnpm/@crxjs+vite-plugin@2.0.0-beta.17/node_modules/@crxjs/vite-plugin": {
      "version": "2.0.0-beta.17",
      "dev": true,
      "license": "MIT",
      "dependencies": {
        "@rollup/pluginutils": "^4.1.2",
        "@webcomponents/custom-elements": "^1.5.0",
        "acorn-walk": "^8.2.0",
        "cheerio": "^1.0.0-rc.10",
        "connect-injector": "^0.4.4",
        "convert-source-map": "^1.7.0",
        "debug": "^4.3.3",
        "es-module-lexer": "^0.10.0",
        "fast-glob": "^3.2.11",
        "fs-extra": "^10.0.1",
        "jsesc": "^3.0.2",
        "magic-string": "^0.26.0",
        "picocolors": "^1.0.0",
        "react-refresh": "^0.13.0",
        "rollup": "2.78.1",
        "rxjs": "7.5.7"
      },
      "devDependencies": {
        "@extend-chrome/messages": "1.2.2",
        "@extend-chrome/storage": "1.5.0",
        "@rollup/plugin-alias": "4.0.2",
        "@rollup/plugin-commonjs": "21.1.0",
        "@rollup/plugin-json": "^5.0.0",
        "@rollup/plugin-node-resolve": "13.2.0",
        "@sveltejs/vite-plugin-svelte": "1.1.0",
        "@types/acorn": "4.0.6",
        "@types/chrome": "0.0.209",
        "@types/convert-source-map": "^2.0.0",
        "@types/debug": "4.1.7",
        "@types/fs-extra": "9.0.13",
        "@types/jest-image-snapshot": "^5.1.0",
        "@types/jsesc": "3.0.1",
        "@types/node": "17.0.18",
        "@types/react": "17.0.52",
        "@types/react-dom": "17.0.18",
        "@typescript-eslint/eslint-plugin": "5.41.0",
        "@typescript-eslint/parser": "5.41.0",
        "@vitejs/plugin-react": "^2.1.0",
        "@vitejs/plugin-vue": "3.2.0",
        "chokidar": "^3.5.3",
        "esbuild": "0.17.14",
        "esbuild-runner": "2.2.2",
        "eslint": "8.39.0",
        "eslint-plugin-react": "^7.29.4",
        "jest-image-snapshot": "^5.2.0",
        "npm-run-all": "^4.1.5",
        "playwright-chromium": "1.33.0",
        "react": "17.0.2",
        "react-dom": "17.0.2",
        "rimraf": "3.0.2",
        "rollup-plugin-dts": "^4.2.0",
        "rollup-plugin-esbuild": "4.10.1",
        "svelte": "^3.48.0",
        "typescript": "^4.6.4",
        "vite": "^3.1.7",
        "vite-plugin-inspect": "0.7.25",
        "vitest": "0.28.5",
        "vue": "3.2.47"
      }
    },
    "../../node_modules/.pnpm/@types+react-dom@18.2.3/node_modules/@types/react-dom": {
      "version": "18.2.3",
      "dev": true,
      "license": "MIT",
      "dependencies": {
        "@types/react": "*"
      }
    },
    "../../node_modules/.pnpm/@types+react@18.2.5/node_modules/@types/react": {
      "version": "18.2.5",
      "dev": true,
      "license": "MIT",
      "dependencies": {
        "@types/prop-types": "*",
        "@types/scheduler": "*",
        "csstype": "^3.0.2"
      }
    },
    "../../node_modules/.pnpm/@typescript-eslint+eslint-plugin@5.59.0_@typescript-eslint+parser@5.59.2_eslint@8.38.0_typescript@5.0.2/node_modules/@typescript-eslint/eslint-plugin": {
      "version": "5.59.0",
      "dev": true,
      "license": "MIT",
      "dependencies": {
        "@eslint-community/regexpp": "^4.4.0",
        "@typescript-eslint/scope-manager": "5.59.0",
        "@typescript-eslint/type-utils": "5.59.0",
        "@typescript-eslint/utils": "5.59.0",
        "debug": "^4.3.4",
        "grapheme-splitter": "^1.0.4",
        "ignore": "^5.2.0",
        "natural-compare-lite": "^1.4.0",
        "semver": "^7.3.7",
        "tsutils": "^3.21.0"
      },
      "devDependencies": {
        "@types/debug": "*",
        "@types/json-schema": "*",
        "@types/marked": "*",
        "@types/natural-compare-lite": "^1.4.0",
        "@types/prettier": "*",
        "chalk": "^5.0.1",
        "cross-fetch": "^3.1.5",
        "grapheme-splitter": "^1.0.4",
        "json-schema": "*",
        "markdown-table": "^3.0.2",
        "marked": "^4.0.15",
        "prettier": "*",
        "title-case": "^3.0.3",
        "typescript": "*"
      },
      "engines": {
        "node": "^12.22.0 || ^14.17.0 || >=16.0.0"
      },
      "funding": {
        "type": "opencollective",
        "url": "https://opencollective.com/typescript-eslint"
      },
      "peerDependencies": {
        "@typescript-eslint/parser": "^5.0.0",
        "eslint": "^6.0.0 || ^7.0.0 || ^8.0.0"
      },
      "peerDependenciesMeta": {
        "typescript": {
          "optional": true
        }
      }
    },
    "../../node_modules/.pnpm/@typescript-eslint+parser@5.59.2_eslint@8.38.0_typescript@5.0.2/node_modules/@typescript-eslint/parser": {
      "version": "5.59.2",
      "dev": true,
      "license": "BSD-2-Clause",
      "dependencies": {
        "@typescript-eslint/scope-manager": "5.59.2",
        "@typescript-eslint/types": "5.59.2",
        "@typescript-eslint/typescript-estree": "5.59.2",
        "debug": "^4.3.4"
      },
      "devDependencies": {
        "@types/glob": "*",
        "glob": "*",
        "typescript": "*"
      },
      "engines": {
        "node": "^12.22.0 || ^14.17.0 || >=16.0.0"
      },
      "funding": {
        "type": "opencollective",
        "url": "https://opencollective.com/typescript-eslint"
      },
      "peerDependencies": {
        "eslint": "^6.0.0 || ^7.0.0 || ^8.0.0"
      },
      "peerDependenciesMeta": {
        "typescript": {
          "optional": true
        }
      }
    },
    "../../node_modules/.pnpm/@vitejs+plugin-react@4.0.0_vite@4.3.9/node_modules/@vitejs/plugin-react": {
      "version": "4.0.0",
      "dev": true,
      "license": "MIT",
      "dependencies": {
        "@babel/core": "^7.21.4",
        "@babel/plugin-transform-react-jsx-self": "^7.21.0",
        "@babel/plugin-transform-react-jsx-source": "^7.19.6",
        "react-refresh": "^0.14.0"
      },
      "engines": {
        "node": "^14.18.0 || >=16.0.0"
      },
      "peerDependencies": {
        "vite": "^4.2.0"
      }
    },
    "../../node_modules/.pnpm/autoprefixer@10.4.14_postcss@8.4.24/node_modules/autoprefixer": {
      "version": "10.4.14",
      "dev": true,
      "funding": [
        {
          "type": "opencollective",
          "url": "https://opencollective.com/postcss/"
        },
        {
          "type": "tidelift",
          "url": "https://tidelift.com/funding/github/npm/autoprefixer"
        }
      ],
      "license": "MIT",
      "dependencies": {
        "browserslist": "^4.21.5",
        "caniuse-lite": "^1.0.30001464",
        "fraction.js": "^4.2.0",
        "normalize-range": "^0.1.2",
        "picocolors": "^1.0.0",
        "postcss-value-parser": "^4.2.0"
      },
      "bin": {
        "autoprefixer": "bin/autoprefixer"
      },
      "engines": {
        "node": "^10 || ^12 || >=14"
      },
      "peerDependencies": {
        "postcss": "^8.1.0"
      }
    },
    "../../node_modules/.pnpm/class-variance-authority@0.6.0_typescript@5.0.2/node_modules/class-variance-authority": {
      "version": "0.6.0",
      "extraneous": true,
      "dependencies": {
        "clsx": "1.2.1"
      },
      "devDependencies": {
        "@jest/types": "28.1.1",
        "@swc/cli": "0.1.57",
        "@swc/core": "1.2.198",
        "@swc/jest": "0.2.21",
        "@types/jest": "28.1.1",
        "@types/node": "18.11.18",
        "@types/react": "18.0.12",
        "@types/react-dom": "18.0.5",
        "bundlesize": "0.18.1",
        "jest": "28.1.1",
        "npm-run-all": "4.1.5",
        "react": "18.2.0",
        "react-dom": "18.2.0",
        "ts-node": "10.8.1",
        "typescript": "5.0.3"
      },
      "funding": {
        "url": "https://joebell.co.uk"
      },
      "peerDependencies": {
        "typescript": ">= 4.5.5 < 6"
      },
      "peerDependenciesMeta": {
        "typescript": {
          "optional": true
        }
      }
    },
    "../../node_modules/.pnpm/clsx@1.2.1/node_modules/clsx": {
      "version": "1.2.1",
      "extraneous": true,
      "license": "MIT",
      "devDependencies": {
        "esm": "3.2.25",
        "terser": "4.8.0",
        "uvu": "0.5.4"
      },
      "engines": {
        "node": ">=6"
      }
    },
    "../../node_modules/.pnpm/eslint-plugin-react-hooks@4.6.0_eslint@8.38.0/node_modules/eslint-plugin-react-hooks": {
      "version": "4.6.0",
      "dev": true,
      "license": "MIT",
      "devDependencies": {
        "@typescript-eslint/parser-v2": "npm:@typescript-eslint/parser@^2.26.0",
        "@typescript-eslint/parser-v3": "npm:@typescript-eslint/parser@^3.10.0",
        "@typescript-eslint/parser-v4": "npm:@typescript-eslint/parser@^4.1.0",
        "@typescript-eslint/parser-v5": "npm:@typescript-eslint/parser@^5.0.0-0"
      },
      "engines": {
        "node": ">=10"
      },
      "peerDependencies": {
        "eslint": "^3.0.0 || ^4.0.0 || ^5.0.0 || ^6.0.0 || ^7.0.0 || ^8.0.0-0"
      }
    },
    "../../node_modules/.pnpm/eslint-plugin-react-refresh@0.3.4_eslint@8.38.0/node_modules/eslint-plugin-react-refresh": {
      "version": "0.3.4",
      "dev": true,
      "license": "MIT",
      "peerDependencies": {
        "eslint": ">=7"
      }
    },
    "../../node_modules/.pnpm/eslint@8.38.0/node_modules/eslint": {
      "version": "8.38.0",
      "dev": true,
      "license": "MIT",
      "dependencies": {
        "@eslint-community/eslint-utils": "^4.2.0",
        "@eslint-community/regexpp": "^4.4.0",
        "@eslint/eslintrc": "^2.0.2",
        "@eslint/js": "8.38.0",
        "@humanwhocodes/config-array": "^0.11.8",
        "@humanwhocodes/module-importer": "^1.0.1",
        "@nodelib/fs.walk": "^1.2.8",
        "ajv": "^6.10.0",
        "chalk": "^4.0.0",
        "cross-spawn": "^7.0.2",
        "debug": "^4.3.2",
        "doctrine": "^3.0.0",
        "escape-string-regexp": "^4.0.0",
        "eslint-scope": "^7.1.1",
        "eslint-visitor-keys": "^3.4.0",
        "espree": "^9.5.1",
        "esquery": "^1.4.2",
        "esutils": "^2.0.2",
        "fast-deep-equal": "^3.1.3",
        "file-entry-cache": "^6.0.1",
        "find-up": "^5.0.0",
        "glob-parent": "^6.0.2",
        "globals": "^13.19.0",
        "grapheme-splitter": "^1.0.4",
        "ignore": "^5.2.0",
        "import-fresh": "^3.0.0",
        "imurmurhash": "^0.1.4",
        "is-glob": "^4.0.0",
        "is-path-inside": "^3.0.3",
        "js-sdsl": "^4.1.4",
        "js-yaml": "^4.1.0",
        "json-stable-stringify-without-jsonify": "^1.0.1",
        "levn": "^0.4.1",
        "lodash.merge": "^4.6.2",
        "minimatch": "^3.1.2",
        "natural-compare": "^1.4.0",
        "optionator": "^0.9.1",
        "strip-ansi": "^6.0.1",
        "strip-json-comments": "^3.1.0",
        "text-table": "^0.2.0"
      },
      "bin": {
        "eslint": "bin/eslint.js"
      },
      "devDependencies": {
        "@babel/core": "^7.4.3",
        "@babel/preset-env": "^7.4.3",
        "babel-loader": "^8.0.5",
        "c8": "^7.12.0",
        "chai": "^4.0.1",
        "cheerio": "^0.22.0",
        "common-tags": "^1.8.0",
        "core-js": "^3.1.3",
        "ejs": "^3.0.2",
        "eslint": "file:.",
        "eslint-config-eslint": "file:packages/eslint-config-eslint",
        "eslint-plugin-eslint-comments": "^3.2.0",
        "eslint-plugin-eslint-plugin": "^4.4.0",
        "eslint-plugin-internal-rules": "file:tools/internal-rules",
        "eslint-plugin-jsdoc": "^38.1.6",
        "eslint-plugin-n": "^15.2.4",
        "eslint-plugin-unicorn": "^42.0.0",
        "eslint-release": "^3.2.0",
        "eslump": "^3.0.0",
        "esprima": "^4.0.1",
        "fast-glob": "^3.2.11",
        "fs-teardown": "^0.1.3",
        "glob": "^7.1.6",
        "got": "^11.8.3",
        "gray-matter": "^4.0.3",
        "karma": "^6.1.1",
        "karma-chrome-launcher": "^3.1.0",
        "karma-mocha": "^2.0.1",
        "karma-mocha-reporter": "^2.2.5",
        "karma-webpack": "^5.0.0",
        "lint-staged": "^11.0.0",
        "load-perf": "^0.2.0",
        "markdownlint": "^0.25.1",
        "markdownlint-cli": "^0.31.1",
        "marked": "^4.0.8",
        "memfs": "^3.0.1",
        "metascraper": "^5.25.7",
        "metascraper-description": "^5.25.7",
        "metascraper-image": "^5.29.3",
        "metascraper-logo": "^5.25.7",
        "metascraper-logo-favicon": "^5.25.7",
        "metascraper-title": "^5.25.7",
        "mocha": "^8.3.2",
        "mocha-junit-reporter": "^2.0.0",
        "node-polyfill-webpack-plugin": "^1.0.3",
        "npm-license": "^0.3.3",
        "pirates": "^4.0.5",
        "progress": "^2.0.3",
        "proxyquire": "^2.0.1",
        "puppeteer": "^13.7.0",
        "recast": "^0.20.4",
        "regenerator-runtime": "^0.13.2",
        "semver": "^7.3.5",
        "shelljs": "^0.8.2",
        "sinon": "^11.0.0",
        "temp": "^0.9.0",
        "webpack": "^5.23.0",
        "webpack-cli": "^4.5.0",
        "yorkie": "^2.0.0"
      },
      "engines": {
        "node": "^12.22.0 || ^14.17.0 || >=16.0.0"
      },
      "funding": {
        "url": "https://opencollective.com/eslint"
      }
    },
    "../../node_modules/.pnpm/lucide-react@0.241.0_react@18.2.0/node_modules/lucide-react": {
      "version": "0.241.0",
      "extraneous": true,
      "license": "ISC",
      "devDependencies": {
        "@lucide/build-icons": "1.0.0",
        "@lucide/rollup-plugins": "1.0.0",
        "@testing-library/jest-dom": "^5.16.5",
        "@testing-library/react": "^11.2.6",
        "@types/prop-types": "^15.7.5",
        "@types/react": "^18.0.21",
        "@vitejs/plugin-react": "^2.1.0",
        "react": "17.0.2",
        "react-dom": "17.0.2",
        "rollup": "^3.5.1",
        "typescript": "^4.8.4",
        "vite": "^3.1.0",
        "vitest": "^0.24.3"
      },
      "peerDependencies": {
        "react": "^16.5.1 || ^17.0.0 || ^18.0.0"
      }
    },
    "../../node_modules/.pnpm/postcss@8.4.24/node_modules/postcss": {
      "version": "8.4.24",
      "dev": true,
      "funding": [
        {
          "type": "opencollective",
          "url": "https://opencollective.com/postcss/"
        },
        {
          "type": "tidelift",
          "url": "https://tidelift.com/funding/github/npm/postcss"
        },
        {
          "type": "github",
          "url": "https://github.com/sponsors/ai"
        }
      ],
      "license": "MIT",
      "dependencies": {
        "nanoid": "^3.3.6",
        "picocolors": "^1.0.0",
        "source-map-js": "^1.0.2"
      },
      "engines": {
        "node": "^10 || ^12 || >=14"
      }
    },
    "../../node_modules/.pnpm/react-dom@18.2.0_react@18.2.0/node_modules/react-dom": {
      "version": "18.2.0",
      "license": "MIT",
      "dependencies": {
        "loose-envify": "^1.1.0",
        "scheduler": "^0.23.0"
      },
      "peerDependencies": {
        "react": "^18.2.0"
      }
    },
    "../../node_modules/.pnpm/react@18.2.0/node_modules/react": {
      "version": "18.2.0",
      "license": "MIT",
      "dependencies": {
        "loose-envify": "^1.1.0"
      },
      "engines": {
        "node": ">=0.10.0"
      }
    },
    "../../node_modules/.pnpm/tailwind-merge@1.13.1/node_modules/tailwind-merge": {
      "version": "1.13.1",
      "extraneous": true,
      "license": "MIT",
      "devDependencies": {
        "@size-limit/preset-small-lib": "^8.2.4",
        "@types/jest": "^29.5.2",
        "@typescript-eslint/eslint-plugin": "^5.59.8",
        "@typescript-eslint/parser": "^5.59.8",
        "dts-cli": "^2.0.3",
        "eslint": "^8.41.0",
        "eslint-plugin-import": "^2.27.5",
        "eslint-plugin-jest": "^27.2.1",
        "globby": "^11.1.0",
        "prettier": "^2.8.8",
        "size-limit": "^8.2.4",
        "ts-jest": "^29.1.0",
        "typescript": "^5.0.4",
        "zx": "^7.2.2"
      },
      "funding": {
        "type": "github",
        "url": "https://github.com/sponsors/dcastil"
      }
    },
    "../../node_modules/.pnpm/tailwindcss-animate@1.0.6_tailwindcss@3.3.2/node_modules/tailwindcss-animate": {
      "version": "1.0.6",
      "extraneous": true,
      "license": "MIT",
      "devDependencies": {
        "husky": "^7.0.4",
        "lint-staged": "^12.3.4",
        "prettier": "^2.5.1",
        "tailwindcss": "^3.0.22"
      },
      "peerDependencies": {
        "tailwindcss": ">=3.0.0 || insiders"
      }
    },
    "../../node_modules/.pnpm/tailwindcss@3.3.2/node_modules/tailwindcss": {
      "version": "3.3.2",
      "dev": true,
      "license": "MIT",
      "dependencies": {
        "@alloc/quick-lru": "^5.2.0",
        "arg": "^5.0.2",
        "chokidar": "^3.5.3",
        "didyoumean": "^1.2.2",
        "dlv": "^1.1.3",
        "fast-glob": "^3.2.12",
        "glob-parent": "^6.0.2",
        "is-glob": "^4.0.3",
        "jiti": "^1.18.2",
        "lilconfig": "^2.1.0",
        "micromatch": "^4.0.5",
        "normalize-path": "^3.0.0",
        "object-hash": "^3.0.0",
        "picocolors": "^1.0.0",
        "postcss": "^8.4.23",
        "postcss-import": "^15.1.0",
        "postcss-js": "^4.0.1",
        "postcss-load-config": "^4.0.1",
        "postcss-nested": "^6.0.1",
        "postcss-selector-parser": "^6.0.11",
        "postcss-value-parser": "^4.2.0",
        "resolve": "^1.22.2",
        "sucrase": "^3.32.0"
      },
      "bin": {
        "tailwind": "lib/cli.js",
        "tailwindcss": "lib/cli.js"
      },
      "devDependencies": {
        "@swc/cli": "^0.1.62",
        "@swc/core": "^1.3.55",
        "@swc/jest": "^0.2.26",
        "@swc/register": "^0.1.10",
        "autoprefixer": "^10.4.14",
        "browserslist": "^4.21.5",
        "concurrently": "^8.0.1",
        "cssnano": "^6.0.0",
        "esbuild": "^0.17.18",
        "eslint": "^8.39.0",
        "eslint-config-prettier": "^8.8.0",
        "eslint-plugin-prettier": "^4.2.1",
        "jest": "^29.5.0",
        "jest-diff": "^29.5.0",
        "lightningcss": "1.18.0",
        "prettier": "^2.8.8",
        "rimraf": "^5.0.0",
        "source-map-js": "^1.0.2",
        "turbo": "^1.9.3"
      },
      "engines": {
        "node": ">=14.0.0"
      }
    },
    "../../node_modules/.pnpm/typescript@5.0.2/node_modules/typescript": {
      "version": "5.0.2",
      "dev": true,
      "license": "Apache-2.0",
      "bin": {
        "tsc": "bin/tsc",
        "tsserver": "bin/tsserver"
      },
      "devDependencies": {
        "@esfx/canceltoken": "^1.0.0",
        "@octokit/rest": "latest",
        "@types/chai": "^4.3.4",
        "@types/fs-extra": "^9.0.13",
        "@types/glob": "^8.1.0",
        "@types/microsoft__typescript-etw": "^0.1.1",
        "@types/minimist": "^1.2.2",
        "@types/mocha": "^10.0.1",
        "@types/ms": "^0.7.31",
        "@types/node": "latest",
        "@types/source-map-support": "^0.5.6",
        "@types/which": "^2.0.1",
        "@typescript-eslint/eslint-plugin": "^5.33.1",
        "@typescript-eslint/parser": "^5.33.1",
        "@typescript-eslint/utils": "^5.33.1",
        "azure-devops-node-api": "^11.2.0",
        "chai": "^4.3.7",
        "chalk": "^4.1.2",
        "chokidar": "^3.5.3",
        "del": "^6.1.1",
        "diff": "^5.1.0",
        "esbuild": "^0.17.2",
        "eslint": "^8.22.0",
        "eslint-formatter-autolinkable-stylish": "^1.2.0",
        "eslint-plugin-import": "^2.26.0",
        "eslint-plugin-local": "^1.0.0",
        "eslint-plugin-no-null": "^1.0.2",
        "eslint-plugin-simple-import-sort": "^10.0.0",
        "fast-xml-parser": "^4.0.11",
        "fs-extra": "^9.1.0",
        "glob": "^8.1.0",
        "hereby": "^1.6.4",
        "jsonc-parser": "^3.2.0",
        "minimist": "^1.2.8",
        "mocha": "^10.2.0",
        "mocha-fivemat-progress-reporter": "^0.1.0",
        "ms": "^2.1.3",
        "node-fetch": "^3.2.10",
        "source-map-support": "^0.5.21",
        "typescript": "5.0.0-dev.20230112",
        "which": "^2.0.2"
      },
      "engines": {
        "node": ">=12.20"
      }
    },
    "../../node_modules/.pnpm/vite@4.3.9_@types+node@17.0.45/node_modules/vite": {
      "version": "4.3.9",
      "dev": true,
      "license": "MIT",
      "dependencies": {
        "esbuild": "^0.17.5",
        "postcss": "^8.4.23",
        "rollup": "^3.21.0"
      },
      "bin": {
        "vite": "bin/vite.js"
      },
      "devDependencies": {
        "@ampproject/remapping": "^2.2.1",
        "@babel/parser": "^7.21.4",
        "@babel/types": "^7.21.4",
        "@jridgewell/trace-mapping": "^0.3.18",
        "@rollup/plugin-alias": "^4.0.4",
        "@rollup/plugin-commonjs": "^24.1.0",
        "@rollup/plugin-dynamic-import-vars": "^2.0.3",
        "@rollup/plugin-json": "^6.0.0",
        "@rollup/plugin-node-resolve": "15.0.2",
        "@rollup/plugin-typescript": "^11.1.0",
        "@rollup/pluginutils": "^5.0.2",
        "@types/escape-html": "^1.0.2",
        "@types/pnpapi": "^0.0.2",
        "acorn": "^8.8.2",
        "acorn-walk": "^8.2.0",
        "cac": "^6.7.14",
        "chokidar": "^3.5.3",
        "connect": "^3.7.0",
        "connect-history-api-fallback": "^2.0.0",
        "convert-source-map": "^2.0.0",
        "cors": "^2.8.5",
        "cross-spawn": "^7.0.3",
        "debug": "^4.3.4",
        "dep-types": "link:./src/types",
        "dotenv": "^16.0.3",
        "dotenv-expand": "^9.0.0",
        "es-module-lexer": "^1.2.1",
        "escape-html": "^1.0.3",
        "estree-walker": "^3.0.3",
        "etag": "^1.8.1",
        "fast-glob": "^3.2.12",
        "http-proxy": "^1.18.1",
        "json-stable-stringify": "^1.0.2",
        "launch-editor-middleware": "^2.6.0",
        "magic-string": "^0.30.0",
        "micromatch": "^4.0.5",
        "mlly": "^1.2.0",
        "mrmime": "^1.0.1",
        "okie": "^1.0.1",
        "open": "^8.4.2",
        "parse5": "^7.1.2",
        "periscopic": "^3.1.0",
        "picocolors": "^1.0.0",
        "picomatch": "^2.3.1",
        "postcss-import": "^15.1.0",
        "postcss-load-config": "^4.0.1",
        "postcss-modules": "^6.0.0",
        "resolve.exports": "^2.0.2",
        "rollup-plugin-license": "^3.0.1",
        "sirv": "^2.0.2",
        "source-map-support": "^0.5.21",
        "strip-ansi": "^7.0.1",
        "strip-literal": "^1.0.1",
        "tsconfck": "^2.1.1",
        "tslib": "^2.5.0",
        "types": "link:./types",
        "ufo": "^1.1.1",
        "ws": "^8.13.0"
      },
      "engines": {
        "node": "^14.18.0 || >=16.0.0"
      },
      "optionalDependencies": {
        "fsevents": "~2.3.2"
      },
      "peerDependencies": {
        "@types/node": ">= 14",
        "less": "*",
        "sass": "*",
        "stylus": "*",
        "sugarss": "*",
        "terser": "^5.4.0"
      },
      "peerDependenciesMeta": {
        "@types/node": {
          "optional": true
        },
        "less": {
          "optional": true
        },
        "sass": {
          "optional": true
        },
        "stylus": {
          "optional": true
        },
        "sugarss": {
          "optional": true
        },
        "terser": {
          "optional": true
        }
      }
    },
    "node_modules/@crxjs/vite-plugin": {
      "resolved": "../../node_modules/.pnpm/@crxjs+vite-plugin@2.0.0-beta.17/node_modules/@crxjs/vite-plugin",
      "link": true
    },
    "node_modules/@types/react": {
      "resolved": "../../node_modules/.pnpm/@types+react@18.2.5/node_modules/@types/react",
      "link": true
    },
    "node_modules/@types/react-dom": {
      "resolved": "../../node_modules/.pnpm/@types+react-dom@18.2.3/node_modules/@types/react-dom",
      "link": true
    },
    "node_modules/@typescript-eslint/eslint-plugin": {
      "resolved": "../../node_modules/.pnpm/@typescript-eslint+eslint-plugin@5.59.0_@typescript-eslint+parser@5.59.2_eslint@8.38.0_typescript@5.0.2/node_modules/@typescript-eslint/eslint-plugin",
      "link": true
    },
    "node_modules/@typescript-eslint/parser": {
      "resolved": "../../node_modules/.pnpm/@typescript-eslint+parser@5.59.2_eslint@8.38.0_typescript@5.0.2/node_modules/@typescript-eslint/parser",
      "link": true
    },
    "node_modules/@vitejs/plugin-react": {
      "resolved": "../../node_modules/.pnpm/@vitejs+plugin-react@4.0.0_vite@4.3.9/node_modules/@vitejs/plugin-react",
      "link": true
    },
    "node_modules/autoprefixer": {
      "resolved": "../../node_modules/.pnpm/autoprefixer@10.4.14_postcss@8.4.24/node_modules/autoprefixer",
      "link": true
    },
    "node_modules/eslint": {
      "resolved": "../../node_modules/.pnpm/eslint@8.38.0/node_modules/eslint",
      "link": true
    },
    "node_modules/eslint-plugin-react-hooks": {
      "resolved": "../../node_modules/.pnpm/eslint-plugin-react-hooks@4.6.0_eslint@8.38.0/node_modules/eslint-plugin-react-hooks",
      "link": true
    },
    "node_modules/eslint-plugin-react-refresh": {
      "resolved": "../../node_modules/.pnpm/eslint-plugin-react-refresh@0.3.4_eslint@8.38.0/node_modules/eslint-plugin-react-refresh",
      "link": true
    },
    "node_modules/postcss": {
      "resolved": "../../node_modules/.pnpm/postcss@8.4.24/node_modules/postcss",
      "link": true
    },
    "node_modules/react": {
      "resolved": "../../node_modules/.pnpm/react@18.2.0/node_modules/react",
      "link": true
    },
    "node_modules/react-dom": {
      "resolved": "../../node_modules/.pnpm/react-dom@18.2.0_react@18.2.0/node_modules/react-dom",
      "link": true
    },
    "node_modules/tailwindcss": {
      "resolved": "../../node_modules/.pnpm/tailwindcss@3.3.2/node_modules/tailwindcss",
      "link": true
    },
    "node_modules/typescript": {
      "resolved": "../../node_modules/.pnpm/typescript@5.0.2/node_modules/typescript",
      "link": true
    },
    "node_modules/vite": {
      "resolved": "../../node_modules/.pnpm/vite@4.3.9_@types+node@17.0.45/node_modules/vite",
      "link": true
    }
  }
}
